
Microsoft Visual Studio Solution File, Format Version 12.00
Project("{FAE04EC0-301F-11D3-BF4B-00C04F79EFBC}") = "Obblig 1", "Obblig 1\Obblig 1.csproj", "{6367BDD3-1DA1-40DC-9177-9790EB252585}"
EndProject
Project("{FAE04EC0-301F-11D3-BF4B-00C04F79EFBC}") = "Testerino", "Testerino\Testerino.csproj", "{1DC9BD03-1C8B-4FFA-83ED-A742F99A4541}"
EndProject
Global
	GlobalSection(SolutionConfigurationPlatforms) = preSolution
		Debug|Any CPU = Debug|Any CPU
		Release|Any CPU = Release|Any CPU
	EndGlobalSection
	GlobalSection(ProjectConfigurationPlatforms) = postSolution
		{6367BDD3-1DA1-40DC-9177-9790EB252585}.Debug|Any CPU.ActiveCfg = Debug|Any CPU
		{6367BDD3-1DA1-40DC-9177-9790EB252585}.Debug|Any CPU.Build.0 = Debug|Any CPU
		{6367BDD3-1DA1-40DC-9177-9790EB252585}.Release|Any CPU.ActiveCfg = Release|Any CPU
		{6367BDD3-1DA1-40DC-9177-9790EB252585}.Release|Any CPU.Build.0 = Release|Any CPU
		{1DC9BD03-1C8B-4FFA-83ED-A742F99A4541}.Debug|Any CPU.ActiveCfg = Debug|Any CPU
		{1DC9BD03-1C8B-4FFA-83ED-A742F99A4541}.Debug|Any CPU.Build.0 = Debug|Any CPU
		{1DC9BD03-1C8B-4FFA-83ED-A742F99A4541}.Release|Any CPU.ActiveCfg = Release|Any CPU
		{1DC9BD03-1C8B-4FFA-83ED-A742F99A4541}.Release|Any CPU.Build.0 = Release|Any CPU
	EndGlobalSection
EndGlobal
